// !$*UTF8*$!
{
	archiveVersion = 1;
	classes = {
	};
	objectVersion = 51;
	objects = {

/* Begin PBXBuildFile section */
		3226626823B0F1A1003B2325 /* HomeViewController.swift in Sources */ = {isa = PBXBuildFile; fileRef = 3226626723B0F1A1003B2325 /* HomeViewController.swift */; };
		3226626B23B1A358003B2325 /* HomeCell.swift in Sources */ = {isa = PBXBuildFile; fileRef = 3226626923B1A358003B2325 /* HomeCell.swift */; };
		3226626C23B1A358003B2325 /* HomeCell.xib in Resources */ = {isa = PBXBuildFile; fileRef = 3226626A23B1A358003B2325 /* HomeCell.xib */; };
		3226626E23B1A618003B2325 /* HomeGroup.swift in Sources */ = {isa = PBXBuildFile; fileRef = 3226626D23B1A618003B2325 /* HomeGroup.swift */; };
		3226627023B1A6F3003B2325 /* HomeGroupList.swift in Sources */ = {isa = PBXBuildFile; fileRef = 3226626F23B1A6F3003B2325 /* HomeGroupList.swift */; };
		3226627223B22028003B2325 /* TimeViewController.swift in Sources */ = {isa = PBXBuildFile; fileRef = 3226627123B22028003B2325 /* TimeViewController.swift */; };
		3226A03923B887D200C71F60 /* WalletViewController.swift in Sources */ = {isa = PBXBuildFile; fileRef = 3226A03823B887D200C71F60 /* WalletViewController.swift */; };
		3290CDCA23AB60AE00EAE65E /* AppDelegate.swift in Sources */ = {isa = PBXBuildFile; fileRef = 3290CDC923AB60AE00EAE65E /* AppDelegate.swift */; };
		3290CDCC23AB60AE00EAE65E /* SceneDelegate.swift in Sources */ = {isa = PBXBuildFile; fileRef = 3290CDCB23AB60AE00EAE65E /* SceneDelegate.swift */; };
		3290CDCE23AB60AE00EAE65E /* ViewController.swift in Sources */ = {isa = PBXBuildFile; fileRef = 3290CDCD23AB60AE00EAE65E /* ViewController.swift */; };
		3290CDD123AB60AE00EAE65E /* Main.storyboard in Resources */ = {isa = PBXBuildFile; fileRef = 3290CDCF23AB60AE00EAE65E /* Main.storyboard */; };
		3290CDD323AB60B100EAE65E /* Assets.xcassets in Resources */ = {isa = PBXBuildFile; fileRef = 3290CDD223AB60B100EAE65E /* Assets.xcassets */; };
		3290CDD623AB60B100EAE65E /* LaunchScreen.storyboard in Resources */ = {isa = PBXBuildFile; fileRef = 3290CDD423AB60B100EAE65E /* LaunchScreen.storyboard */; };
		3290CDDF23AB648300EAE65E /* CustomCell.swift in Sources */ = {isa = PBXBuildFile; fileRef = 3290CDDD23AB648300EAE65E /* CustomCell.swift */; };
		3290CDE023AB648300EAE65E /* CustomCell.xib in Resources */ = {isa = PBXBuildFile; fileRef = 3290CDDE23AB648300EAE65E /* CustomCell.xib */; };
		3290CDE223AB68FD00EAE65E /* Message.swift in Sources */ = {isa = PBXBuildFile; fileRef = 3290CDE123AB68FD00EAE65E /* Message.swift */; };
		3290CDE423AB6AAF00EAE65E /* MessageList.swift in Sources */ = {isa = PBXBuildFile; fileRef = 3290CDE323AB6AAF00EAE65E /* MessageList.swift */; };
		329B4CAA23B730EC008A12D7 /* TimeCell.swift in Sources */ = {isa = PBXBuildFile; fileRef = 329B4CA823B730EC008A12D7 /* TimeCell.swift */; };
		329B4CAB23B730EC008A12D7 /* TimeCell.xib in Resources */ = {isa = PBXBuildFile; fileRef = 329B4CA923B730EC008A12D7 /* TimeCell.xib */; };
		329B4CB023B73E95008A12D7 /* Time.swift in Sources */ = {isa = PBXBuildFile; fileRef = 329B4CAF23B73E95008A12D7 /* Time.swift */; };
		329B4CB223B74667008A12D7 /* TimeList.swift in Sources */ = {isa = PBXBuildFile; fileRef = 329B4CB123B74667008A12D7 /* TimeList.swift */; };
		329B4CB423B78653008A12D7 /* NewsViewController.swift in Sources */ = {isa = PBXBuildFile; fileRef = 329B4CB323B78653008A12D7 /* NewsViewController.swift */; };
		329B4CB623B7957A008A12D7 /* TopNewsViewController.swift in Sources */ = {isa = PBXBuildFile; fileRef = 329B4CB523B7957A008A12D7 /* TopNewsViewController.swift */; };
		329B4CB823B7983D008A12D7 /* NewsItems.swift in Sources */ = {isa = PBXBuildFile; fileRef = 329B4CB723B7983D008A12D7 /* NewsItems.swift */; };
		329B4CBA23B869DF008A12D7 /* WebViewController.swift in Sources */ = {isa = PBXBuildFile; fileRef = 329B4CB923B869DF008A12D7 /* WebViewController.swift */; };
		329B4CBC23B86CC1008A12D7 /* DomesticNewsViewController.swift in Sources */ = {isa = PBXBuildFile; fileRef = 329B4CBB23B86CC1008A12D7 /* DomesticNewsViewController.swift */; };
		329B4CBE23B86D36008A12D7 /* EconomyNewsViewController.swift in Sources */ = {isa = PBXBuildFile; fileRef = 329B4CBD23B86D36008A12D7 /* EconomyNewsViewController.swift */; };
		329B4CC223B86DA5008A12D7 /* ITNewsViewController.swift in Sources */ = {isa = PBXBuildFile; fileRef = 329B4CC123B86DA5008A12D7 /* ITNewsViewController.swift */; };
		32D2D5D723C1D27200F7C8F2 /* GoogleService-Info.plist in Resources */ = {isa = PBXBuildFile; fileRef = 32D2D5D623C1D27200F7C8F2 /* GoogleService-Info.plist */; };
		32D2D5D923C1D5BB00F7C8F2 /* ChatViewController.swift in Sources */ = {isa = PBXBuildFile; fileRef = 32D2D5D823C1D5BB00F7C8F2 /* ChatViewController.swift */; };
		32D2D5DB23C1EF4F00F7C8F2 /* MockMessage.swift in Sources */ = {isa = PBXBuildFile; fileRef = 32D2D5DA23C1EF4F00F7C8F2 /* MockMessage.swift */; };
		F98B0E7E7D788717B003D21A /* Pods_LIneHomework.framework in Frameworks */ = {isa = PBXBuildFile; fileRef = 946448DB46C9DA911AB68727 /* Pods_LIneHomework.framework */; };
/* End PBXBuildFile section */

/* Begin PBXFileReference section */
		3226626723B0F1A1003B2325 /* HomeViewController.swift */ = {isa = PBXFileReference; lastKnownFileType = sourcecode.swift; path = HomeViewController.swift; sourceTree = "<group>"; };
		3226626923B1A358003B2325 /* HomeCell.swift */ = {isa = PBXFileReference; lastKnownFileType = sourcecode.swift; path = HomeCell.swift; sourceTree = "<group>"; };
		3226626A23B1A358003B2325 /* HomeCell.xib */ = {isa = PBXFileReference; lastKnownFileType = file.xib; path = HomeCell.xib; sourceTree = "<group>"; };
		3226626D23B1A618003B2325 /* HomeGroup.swift */ = {isa = PBXFileReference; lastKnownFileType = sourcecode.swift; path = HomeGroup.swift; sourceTree = "<group>"; };
		3226626F23B1A6F3003B2325 /* HomeGroupList.swift */ = {isa = PBXFileReference; lastKnownFileType = sourcecode.swift; path = HomeGroupList.swift; sourceTree = "<group>"; };
		3226627123B22028003B2325 /* TimeViewController.swift */ = {isa = PBXFileReference; lastKnownFileType = sourcecode.swift; path = TimeViewController.swift; sourceTree = "<group>"; };
		3226A03823B887D200C71F60 /* WalletViewController.swift */ = {isa = PBXFileReference; lastKnownFileType = sourcecode.swift; path = WalletViewController.swift; sourceTree = "<group>"; };
		3290CDC623AB60AE00EAE65E /* LIneHomework.app */ = {isa = PBXFileReference; explicitFileType = wrapper.application; includeInIndex = 0; path = LIneHomework.app; sourceTree = BUILT_PRODUCTS_DIR; };
		3290CDC923AB60AE00EAE65E /* AppDelegate.swift */ = {isa = PBXFileReference; lastKnownFileType = sourcecode.swift; path = AppDelegate.swift; sourceTree = "<group>"; };
		3290CDCB23AB60AE00EAE65E /* SceneDelegate.swift */ = {isa = PBXFileReference; lastKnownFileType = sourcecode.swift; path = SceneDelegate.swift; sourceTree = "<group>"; };
		3290CDCD23AB60AE00EAE65E /* ViewController.swift */ = {isa = PBXFileReference; lastKnownFileType = sourcecode.swift; path = ViewController.swift; sourceTree = "<group>"; };
		3290CDD023AB60AE00EAE65E /* Base */ = {isa = PBXFileReference; lastKnownFileType = file.storyboard; name = Base; path = Base.lproj/Main.storyboard; sourceTree = "<group>"; };
		3290CDD223AB60B100EAE65E /* Assets.xcassets */ = {isa = PBXFileReference; lastKnownFileType = folder.assetcatalog; path = Assets.xcassets; sourceTree = "<group>"; };
		3290CDD523AB60B100EAE65E /* Base */ = {isa = PBXFileReference; lastKnownFileType = file.storyboard; name = Base; path = Base.lproj/LaunchScreen.storyboard; sourceTree = "<group>"; };
		3290CDD723AB60B100EAE65E /* Info.plist */ = {isa = PBXFileReference; lastKnownFileType = text.plist.xml; path = Info.plist; sourceTree = "<group>"; };
		3290CDDD23AB648300EAE65E /* CustomCell.swift */ = {isa = PBXFileReference; lastKnownFileType = sourcecode.swift; path = CustomCell.swift; sourceTree = "<group>"; };
		3290CDDE23AB648300EAE65E /* CustomCell.xib */ = {isa = PBXFileReference; lastKnownFileType = file.xib; path = CustomCell.xib; sourceTree = "<group>"; };
		3290CDE123AB68FD00EAE65E /* Message.swift */ = {isa = PBXFileReference; lastKnownFileType = sourcecode.swift; path = Message.swift; sourceTree = "<group>"; };
		3290CDE323AB6AAF00EAE65E /* MessageList.swift */ = {isa = PBXFileReference; lastKnownFileType = sourcecode.swift; path = MessageList.swift; sourceTree = "<group>"; };
		329B4CA823B730EC008A12D7 /* TimeCell.swift */ = {isa = PBXFileReference; lastKnownFileType = sourcecode.swift; path = TimeCell.swift; sourceTree = "<group>"; };
		329B4CA923B730EC008A12D7 /* TimeCell.xib */ = {isa = PBXFileReference; lastKnownFileType = file.xib; path = TimeCell.xib; sourceTree = "<group>"; };
		329B4CAF23B73E95008A12D7 /* Time.swift */ = {isa = PBXFileReference; lastKnownFileType = sourcecode.swift; path = Time.swift; sourceTree = "<group>"; };
		329B4CB123B74667008A12D7 /* TimeList.swift */ = {isa = PBXFileReference; lastKnownFileType = sourcecode.swift; path = TimeList.swift; sourceTree = "<group>"; };
		329B4CB323B78653008A12D7 /* NewsViewController.swift */ = {isa = PBXFileReference; lastKnownFileType = sourcecode.swift; path = NewsViewController.swift; sourceTree = "<group>"; };
		329B4CB523B7957A008A12D7 /* TopNewsViewController.swift */ = {isa = PBXFileReference; lastKnownFileType = sourcecode.swift; path = TopNewsViewController.swift; sourceTree = "<group>"; };
		329B4CB723B7983D008A12D7 /* NewsItems.swift */ = {isa = PBXFileReference; lastKnownFileType = sourcecode.swift; path = NewsItems.swift; sourceTree = "<group>"; };
		329B4CB923B869DF008A12D7 /* WebViewController.swift */ = {isa = PBXFileReference; lastKnownFileType = sourcecode.swift; path = WebViewController.swift; sourceTree = "<group>"; };
		329B4CBB23B86CC1008A12D7 /* DomesticNewsViewController.swift */ = {isa = PBXFileReference; lastKnownFileType = sourcecode.swift; path = DomesticNewsViewController.swift; sourceTree = "<group>"; };
		329B4CBD23B86D36008A12D7 /* EconomyNewsViewController.swift */ = {isa = PBXFileReference; lastKnownFileType = sourcecode.swift; path = EconomyNewsViewController.swift; sourceTree = "<group>"; };
		329B4CC123B86DA5008A12D7 /* ITNewsViewController.swift */ = {isa = PBXFileReference; lastKnownFileType = sourcecode.swift; path = ITNewsViewController.swift; sourceTree = "<group>"; };
		32D2D5D623C1D27200F7C8F2 /* GoogleService-Info.plist */ = {isa = PBXFileReference; fileEncoding = 4; lastKnownFileType = text.plist.xml; path = "GoogleService-Info.plist"; sourceTree = "<group>"; };
		32D2D5D823C1D5BB00F7C8F2 /* ChatViewController.swift */ = {isa = PBXFileReference; lastKnownFileType = sourcecode.swift; path = ChatViewController.swift; sourceTree = "<group>"; };
		32D2D5DA23C1EF4F00F7C8F2 /* MockMessage.swift */ = {isa = PBXFileReference; lastKnownFileType = sourcecode.swift; path = MockMessage.swift; sourceTree = "<group>"; };
		32FDFE7443FDC85C2F5CEB1A /* Pods-LIneHomework.release.xcconfig */ = {isa = PBXFileReference; includeInIndex = 1; lastKnownFileType = text.xcconfig; name = "Pods-LIneHomework.release.xcconfig"; path = "Target Support Files/Pods-LIneHomework/Pods-LIneHomework.release.xcconfig"; sourceTree = "<group>"; };
		946448DB46C9DA911AB68727 /* Pods_LIneHomework.framework */ = {isa = PBXFileReference; explicitFileType = wrapper.framework; includeInIndex = 0; path = Pods_LIneHomework.framework; sourceTree = BUILT_PRODUCTS_DIR; };
		BD7838AF4D645752EEC44151 /* Pods-LIneHomework.debug.xcconfig */ = {isa = PBXFileReference; includeInIndex = 1; lastKnownFileType = text.xcconfig; name = "Pods-LIneHomework.debug.xcconfig"; path = "Target Support Files/Pods-LIneHomework/Pods-LIneHomework.debug.xcconfig"; sourceTree = "<group>"; };
/* End PBXFileReference section */

/* Begin PBXFrameworksBuildPhase section */
		3290CDC323AB60AE00EAE65E /* Frameworks */ = {
			isa = PBXFrameworksBuildPhase;
			buildActionMask = 2147483647;
			files = (
				F98B0E7E7D788717B003D21A /* Pods_LIneHomework.framework in Frameworks */,
			);
			runOnlyForDeploymentPostprocessing = 0;
		};
/* End PBXFrameworksBuildPhase section */

/* Begin PBXGroup section */
		3290CDBD23AB60AE00EAE65E = {
			isa = PBXGroup;
			children = (
				3290CDC823AB60AE00EAE65E /* LIneHomework */,
				3290CDC723AB60AE00EAE65E /* Products */,
				C9B463E4FE361EB471F37D81 /* Pods */,
				C49645B81815F71F62E82F0B /* Frameworks */,
			);
			sourceTree = "<group>";
		};
		3290CDC723AB60AE00EAE65E /* Products */ = {
			isa = PBXGroup;
			children = (
				3290CDC623AB60AE00EAE65E /* LIneHomework.app */,
			);
			name = Products;
			sourceTree = "<group>";
		};
		3290CDC823AB60AE00EAE65E /* LIneHomework */ = {
			isa = PBXGroup;
			children = (
				329B4CA523B72F28008A12D7 /* Model */,
				329B4CA723B72F40008A12D7 /* View */,
				329B4CA623B72F33008A12D7 /* Controller */,
				3290CDD723AB60B100EAE65E /* Info.plist */,
				32D2D5D623C1D27200F7C8F2 /* GoogleService-Info.plist */,
			);
			path = LIneHomework;
			sourceTree = "<group>";
		};
		329B4CA523B72F28008A12D7 /* Model */ = {
			isa = PBXGroup;
			children = (
				3290CDE123AB68FD00EAE65E /* Message.swift */,
				3290CDE323AB6AAF00EAE65E /* MessageList.swift */,
				3226626D23B1A618003B2325 /* HomeGroup.swift */,
				3226626F23B1A6F3003B2325 /* HomeGroupList.swift */,
				329B4CAF23B73E95008A12D7 /* Time.swift */,
				329B4CB123B74667008A12D7 /* TimeList.swift */,
				329B4CB723B7983D008A12D7 /* NewsItems.swift */,
				32D2D5DA23C1EF4F00F7C8F2 /* MockMessage.swift */,
			);
			path = Model;
			sourceTree = "<group>";
		};
		329B4CA623B72F33008A12D7 /* Controller */ = {
			isa = PBXGroup;
			children = (
				3290CDC923AB60AE00EAE65E /* AppDelegate.swift */,
				3290CDCB23AB60AE00EAE65E /* SceneDelegate.swift */,
				3290CDCD23AB60AE00EAE65E /* ViewController.swift */,
				3226626723B0F1A1003B2325 /* HomeViewController.swift */,
				3226627123B22028003B2325 /* TimeViewController.swift */,
				329B4CB323B78653008A12D7 /* NewsViewController.swift */,
				329B4CB523B7957A008A12D7 /* TopNewsViewController.swift */,
				329B4CBB23B86CC1008A12D7 /* DomesticNewsViewController.swift */,
				329B4CBD23B86D36008A12D7 /* EconomyNewsViewController.swift */,
				329B4CC123B86DA5008A12D7 /* ITNewsViewController.swift */,
				329B4CB923B869DF008A12D7 /* WebViewController.swift */,
				3226A03823B887D200C71F60 /* WalletViewController.swift */,
				32D2D5D823C1D5BB00F7C8F2 /* ChatViewController.swift */,
			);
			path = Controller;
			sourceTree = "<group>";
		};
		329B4CA723B72F40008A12D7 /* View */ = {
			isa = PBXGroup;
			children = (
				3290CDCF23AB60AE00EAE65E /* Main.storyboard */,
				3290CDD223AB60B100EAE65E /* Assets.xcassets */,
				3290CDD423AB60B100EAE65E /* LaunchScreen.storyboard */,
				3290CDDD23AB648300EAE65E /* CustomCell.swift */,
				3290CDDE23AB648300EAE65E /* CustomCell.xib */,
				3226626923B1A358003B2325 /* HomeCell.swift */,
				3226626A23B1A358003B2325 /* HomeCell.xib */,
				329B4CA823B730EC008A12D7 /* TimeCell.swift */,
				329B4CA923B730EC008A12D7 /* TimeCell.xib */,
			);
			path = View;
			sourceTree = "<group>";
		};
		C49645B81815F71F62E82F0B /* Frameworks */ = {
			isa = PBXGroup;
			children = (
				946448DB46C9DA911AB68727 /* Pods_LIneHomework.framework */,
			);
			name = Frameworks;
			sourceTree = "<group>";
		};
		C9B463E4FE361EB471F37D81 /* Pods */ = {
			isa = PBXGroup;
			children = (
				BD7838AF4D645752EEC44151 /* Pods-LIneHomework.debug.xcconfig */,
				32FDFE7443FDC85C2F5CEB1A /* Pods-LIneHomework.release.xcconfig */,
			);
			path = Pods;
			sourceTree = "<group>";
		};
/* End PBXGroup section */

/* Begin PBXNativeTarget section */
		3290CDC523AB60AE00EAE65E /* LIneHomework */ = {
			isa = PBXNativeTarget;
			buildConfigurationList = 3290CDDA23AB60B100EAE65E /* Build configuration list for PBXNativeTarget "LIneHomework" */;
			buildPhases = (
				6B1A45249D95097E03710372 /* [CP] Check Pods Manifest.lock */,
				3290CDC223AB60AE00EAE65E /* Sources */,
				3290CDC323AB60AE00EAE65E /* Frameworks */,
				3290CDC423AB60AE00EAE65E /* Resources */,
				488F6354C2D0D6B6D97C0F20 /* [CP] Embed Pods Frameworks */,
			);
			buildRules = (
			);
			dependencies = (
			);
			name = LIneHomework;
			productName = LIneHomework;
			productReference = 3290CDC623AB60AE00EAE65E /* LIneHomework.app */;
			productType = "com.apple.product-type.application";
		};
/* End PBXNativeTarget section */

/* Begin PBXProject section */
		3290CDBE23AB60AE00EAE65E /* Project object */ = {
			isa = PBXProject;
			attributes = {
				LastSwiftUpdateCheck = 1130;
				LastUpgradeCheck = 1130;
				ORGANIZATIONNAME = "三浦　知明";
				TargetAttributes = {
					3290CDC523AB60AE00EAE65E = {
						CreatedOnToolsVersion = 11.3;
					};
				};
			};
			buildConfigurationList = 3290CDC123AB60AE00EAE65E /* Build configuration list for PBXProject "LIneHomework" */;
			compatibilityVersion = "Xcode 9.3";
			developmentRegion = en;
			hasScannedForEncodings = 0;
			knownRegions = (
				en,
				Base,
			);
			mainGroup = 3290CDBD23AB60AE00EAE65E;
			productRefGroup = 3290CDC723AB60AE00EAE65E /* Products */;
			projectDirPath = "";
			projectRoot = "";
			targets = (
				3290CDC523AB60AE00EAE65E /* LIneHomework */,
			);
		};
/* End PBXProject section */

/* Begin PBXResourcesBuildPhase section */
		3290CDC423AB60AE00EAE65E /* Resources */ = {
			isa = PBXResourcesBuildPhase;
			buildActionMask = 2147483647;
			files = (
				32D2D5D723C1D27200F7C8F2 /* GoogleService-Info.plist in Resources */,
				329B4CAB23B730EC008A12D7 /* TimeCell.xib in Resources */,
				3290CDD623AB60B100EAE65E /* LaunchScreen.storyboard in Resources */,
				3290CDD323AB60B100EAE65E /* Assets.xcassets in Resources */,
				3290CDE023AB648300EAE65E /* CustomCell.xib in Resources */,
				3290CDD123AB60AE00EAE65E /* Main.storyboard in Resources */,
				3226626C23B1A358003B2325 /* HomeCell.xib in Resources */,
			);
			runOnlyForDeploymentPostprocessing = 0;
		};
/* End PBXResourcesBuildPhase section */

/* Begin PBXShellScriptBuildPhase section */
		488F6354C2D0D6B6D97C0F20 /* [CP] Embed Pods Frameworks */ = {
			isa = PBXShellScriptBuildPhase;
			buildActionMask = 2147483647;
			files = (
			);
			inputFileListPaths = (
				"${PODS_ROOT}/Target Support Files/Pods-LIneHomework/Pods-LIneHomework-frameworks-${CONFIGURATION}-input-files.xcfilelist",
			);
			name = "[CP] Embed Pods Frameworks";
			outputFileListPaths = (
				"${PODS_ROOT}/Target Support Files/Pods-LIneHomework/Pods-LIneHomework-frameworks-${CONFIGURATION}-output-files.xcfilelist",
			);
			runOnlyForDeploymentPostprocessing = 0;
			shellPath = /bin/sh;
			shellScript = "\"${PODS_ROOT}/Target Support Files/Pods-LIneHomework/Pods-LIneHomework-frameworks.sh\"\n";
			showEnvVarsInLog = 0;
		};
		6B1A45249D95097E03710372 /* [CP] Check Pods Manifest.lock */ = {
			isa = PBXShellScriptBuildPhase;
			buildActionMask = 2147483647;
			files = (
			);
			inputFileListPaths = (
			);
			inputPaths = (
				"${PODS_PODFILE_DIR_PATH}/Podfile.lock",
				"${PODS_ROOT}/Manifest.lock",
			);
			name = "[CP] Check Pods Manifest.lock";
			outputFileListPaths = (
			);
			outputPaths = (
				"$(DERIVED_FILE_DIR)/Pods-LIneHomework-checkManifestLockResult.txt",
			);
			runOnlyForDeploymentPostprocessing = 0;
			shellPath = /bin/sh;
			shellScript = "diff \"${PODS_PODFILE_DIR_PATH}/Podfile.lock\" \"${PODS_ROOT}/Manifest.lock\" > /dev/null\nif [ $? != 0 ] ; then\n    # print error to STDERR\n    echo \"error: The sandbox is not in sync with the Podfile.lock. Run 'pod install' or update your CocoaPods installation.\" >&2\n    exit 1\nfi\n# This output is used by Xcode 'outputs' to avoid re-running this script phase.\necho \"SUCCESS\" > \"${SCRIPT_OUTPUT_FILE_0}\"\n";
			showEnvVarsInLog = 0;
		};
/* End PBXShellScriptBuildPhase section */

/* Begin PBXSourcesBuildPhase section */
		3290CDC223AB60AE00EAE65E /* Sources */ = {
			isa = PBXSourcesBuildPhase;
			buildActionMask = 2147483647;
			files = (
				329B4CB223B74667008A12D7 /* TimeList.swift in Sources */,
				329B4CC223B86DA5008A12D7 /* ITNewsViewController.swift in Sources */,
				329B4CBA23B869DF008A12D7 /* WebViewController.swift in Sources */,
				32D2D5DB23C1EF4F00F7C8F2 /* MockMessage.swift in Sources */,
				329B4CAA23B730EC008A12D7 /* TimeCell.swift in Sources */,
				3290CDCE23AB60AE00EAE65E /* ViewController.swift in Sources */,
				329B4CB423B78653008A12D7 /* NewsViewController.swift in Sources */,
				3290CDCA23AB60AE00EAE65E /* AppDelegate.swift in Sources */,
				329B4CB623B7957A008A12D7 /* TopNewsViewController.swift in Sources */,
				3226626E23B1A618003B2325 /* HomeGroup.swift in Sources */,
				329B4CBE23B86D36008A12D7 /* EconomyNewsViewController.swift in Sources */,
				3226626B23B1A358003B2325 /* HomeCell.swift in Sources */,
				3226627023B1A6F3003B2325 /* HomeGroupList.swift in Sources */,
				329B4CB823B7983D008A12D7 /* NewsItems.swift in Sources */,
				329B4CB023B73E95008A12D7 /* Time.swift in Sources */,
				3226627223B22028003B2325 /* TimeViewController.swift in Sources */,
				3226A03923B887D200C71F60 /* WalletViewController.swift in Sources */,
				32D2D5D923C1D5BB00F7C8F2 /* ChatViewController.swift in Sources */,
				3290CDE223AB68FD00EAE65E /* Message.swift in Sources */,
				329B4CBC23B86CC1008A12D7 /* DomesticNewsViewController.swift in Sources */,
				3290CDDF23AB648300EAE65E /* CustomCell.swift in Sources */,
				3290CDCC23AB60AE00EAE65E /* SceneDelegate.swift in Sources */,
				3226626823B0F1A1003B2325 /* HomeViewController.swift in Sources */,
				3290CDE423AB6AAF00EAE65E /* MessageList.swift in Sources */,
			);
			runOnlyForDeploymentPostprocessing = 0;
		};
/* End PBXSourcesBuildPhase section */

/* Begin PBXVariantGroup section */
		3290CDCF23AB60AE00EAE65E /* Main.storyboard */ = {
			isa = PBXVariantGroup;
			children = (
				3290CDD023AB60AE00EAE65E /* Base */,
			);
			name = Main.storyboard;
			sourceTree = "<group>";
		};
		3290CDD423AB60B100EAE65E /* LaunchScreen.storyboard */ = {
			isa = PBXVariantGroup;
			children = (
				3290CDD523AB60B100EAE65E /* Base */,
			);
			name = LaunchScreen.storyboard;
			sourceTree = "<group>";
		};
/* End PBXVariantGroup section */

/* Begin XCBuildConfiguration section */
		3290CDD823AB60B100EAE65E /* Debug */ = {
			isa = XCBuildConfiguration;
			buildSettings = {
				ALWAYS_SEARCH_USER_PATHS = NO;
				CLANG_ANALYZER_NONNULL = YES;
				CLANG_ANALYZER_NUMBER_OBJECT_CONVERSION = YES_AGGRESSIVE;
				CLANG_CXX_LANGUAGE_STANDARD = "gnu++14";
				CLANG_CXX_LIBRARY = "libc++";
				CLANG_ENABLE_MODULES = YES;
				CLANG_ENABLE_OBJC_ARC = YES;
				CLANG_ENABLE_OBJC_WEAK = YES;
				CLANG_WARN_BLOCK_CAPTURE_AUTORELEASING = YES;
				CLANG_WARN_BOOL_CONVERSION = YES;
				CLANG_WARN_COMMA = YES;
				CLANG_WARN_CONSTANT_CONVERSION = YES;
				CLANG_WARN_DEPRECATED_OBJC_IMPLEMENTATIONS = YES;
				CLANG_WARN_DIRECT_OBJC_ISA_USAGE = YES_ERROR;
				CLANG_WARN_DOCUMENTATION_COMMENTS = YES;
				CLANG_WARN_EMPTY_BODY = YES;
				CLANG_WARN_ENUM_CONVERSION = YES;
				CLANG_WARN_INFINITE_RECURSION = YES;
				CLANG_WARN_INT_CONVERSION = YES;
				CLANG_WARN_NON_LITERAL_NULL_CONVERSION = YES;
				CLANG_WARN_OBJC_IMPLICIT_RETAIN_SELF = YES;
				CLANG_WARN_OBJC_LITERAL_CONVERSION = YES;
				CLANG_WARN_OBJC_ROOT_CLASS = YES_ERROR;
				CLANG_WARN_RANGE_LOOP_ANALYSIS = YES;
				CLANG_WARN_STRICT_PROTOTYPES = YES;
				CLANG_WARN_SUSPICIOUS_MOVE = YES;
				CLANG_WARN_UNGUARDED_AVAILABILITY = YES_AGGRESSIVE;
				CLANG_WARN_UNREACHABLE_CODE = YES;
				CLANG_WARN__DUPLICATE_METHOD_MATCH = YES;
				COPY_PHASE_STRIP = NO;
				DEBUG_INFORMATION_FORMAT = dwarf;
				ENABLE_STRICT_OBJC_MSGSEND = YES;
				ENABLE_TESTABILITY = YES;
				GCC_C_LANGUAGE_STANDARD = gnu11;
				GCC_DYNAMIC_NO_PIC = NO;
				GCC_NO_COMMON_BLOCKS = YES;
				GCC_OPTIMIZATION_LEVEL = 0;
				GCC_PREPROCESSOR_DEFINITIONS = (
					"DEBUG=1",
					"$(inherited)",
				);
				GCC_WARN_64_TO_32_BIT_CONVERSION = YES;
				GCC_WARN_ABOUT_RETURN_TYPE = YES_ERROR;
				GCC_WARN_UNDECLARED_SELECTOR = YES;
				GCC_WARN_UNINITIALIZED_AUTOS = YES_AGGRESSIVE;
				GCC_WARN_UNUSED_FUNCTION = YES;
				GCC_WARN_UNUSED_VARIABLE = YES;
				IPHONEOS_DEPLOYMENT_TARGET = 13.2;
				MTL_ENABLE_DEBUG_INFO = INCLUDE_SOURCE;
				MTL_FAST_MATH = YES;
				ONLY_ACTIVE_ARCH = YES;
				SDKROOT = iphoneos;
				SWIFT_ACTIVE_COMPILATION_CONDITIONS = DEBUG;
				SWIFT_OPTIMIZATION_LEVEL = "-Onone";
			};
			name = Debug;
		};
		3290CDD923AB60B100EAE65E /* Release */ = {
			isa = XCBuildConfiguration;
			buildSettings = {
				ALWAYS_SEARCH_USER_PATHS = NO;
				CLANG_ANALYZER_NONNULL = YES;
				CLANG_ANALYZER_NUMBER_OBJECT_CONVERSION = YES_AGGRESSIVE;
				CLANG_CXX_LANGUAGE_STANDARD = "gnu++14";
				CLANG_CXX_LIBRARY = "libc++";
				CLANG_ENABLE_MODULES = YES;
				CLANG_ENABLE_OBJC_ARC = YES;
				CLANG_ENABLE_OBJC_WEAK = YES;
				CLANG_WARN_BLOCK_CAPTURE_AUTORELEASING = YES;
				CLANG_WARN_BOOL_CONVERSION = YES;
				CLANG_WARN_COMMA = YES;
				CLANG_WARN_CONSTANT_CONVERSION = YES;
				CLANG_WARN_DEPRECATED_OBJC_IMPLEMENTATIONS = YES;
				CLANG_WARN_DIRECT_OBJC_ISA_USAGE = YES_ERROR;
				CLANG_WARN_DOCUMENTATION_COMMENTS = YES;
				CLANG_WARN_EMPTY_BODY = YES;
				CLANG_WARN_ENUM_CONVERSION = YES;
				CLANG_WARN_INFINITE_RECURSION = YES;
				CLANG_WARN_INT_CONVERSION = YES;
				CLANG_WARN_NON_LITERAL_NULL_CONVERSION = YES;
				CLANG_WARN_OBJC_IMPLICIT_RETAIN_SELF = YES;
				CLANG_WARN_OBJC_LITERAL_CONVERSION = YES;
				CLANG_WARN_OBJC_ROOT_CLASS = YES_ERROR;
				CLANG_WARN_RANGE_LOOP_ANALYSIS = YES;
				CLANG_WARN_STRICT_PROTOTYPES = YES;
				CLANG_WARN_SUSPICIOUS_MOVE = YES;
				CLANG_WARN_UNGUARDED_AVAILABILITY = YES_AGGRESSIVE;
				CLANG_WARN_UNREACHABLE_CODE = YES;
				CLANG_WARN__DUPLICATE_METHOD_MATCH = YES;
				COPY_PHASE_STRIP = NO;
				DEBUG_INFORMATION_FORMAT = "dwarf-with-dsym";
				ENABLE_NS_ASSERTIONS = NO;
				ENABLE_STRICT_OBJC_MSGSEND = YES;
				GCC_C_LANGUAGE_STANDARD = gnu11;
				GCC_NO_COMMON_BLOCKS = YES;
				GCC_WARN_64_TO_32_BIT_CONVERSION = YES;
				GCC_WARN_ABOUT_RETURN_TYPE = YES_ERROR;
				GCC_WARN_UNDECLARED_SELECTOR = YES;
				GCC_WARN_UNINITIALIZED_AUTOS = YES_AGGRESSIVE;
				GCC_WARN_UNUSED_FUNCTION = YES;
				GCC_WARN_UNUSED_VARIABLE = YES;
				IPHONEOS_DEPLOYMENT_TARGET = 13.2;
				MTL_ENABLE_DEBUG_INFO = NO;
				MTL_FAST_MATH = YES;
				SDKROOT = iphoneos;
				SWIFT_COMPILATION_MODE = wholemodule;
				SWIFT_OPTIMIZATION_LEVEL = "-O";
				VALIDATE_PRODUCT = YES;
			};
			name = Release;
		};
		3290CDDB23AB60B100EAE65E /* Debug */ = {
			isa = XCBuildConfiguration;
			baseConfigurationReference = BD7838AF4D645752EEC44151 /* Pods-LIneHomework.debug.xcconfig */;
			buildSettings = {
				ASSETCATALOG_COMPILER_APPICON_NAME = AppIcon;
				CODE_SIGN_STYLE = Automatic;
				DEVELOPMENT_TEAM = 7NDRX434L9;
				INFOPLIST_FILE = LIneHomework/Info.plist;
				LD_RUNPATH_SEARCH_PATHS = (
					"$(inherited)",
					"@executable_path/Frameworks",
				);
				PRODUCT_BUNDLE_IDENTIFIER = com.tomoudemy.LIneHomework;
				PRODUCT_NAME = "$(TARGET_NAME)";
				SWIFT_VERSION = 5.0;
				TARGETED_DEVICE_FAMILY = 1;
			};
			name = Debug;
		};
		3290CDDC23AB60B100EAE65E /* Release */ = {
			isa = XCBuildConfiguration;
			baseConfigurationReference = 32FDFE7443FDC85C2F5CEB1A /* Pods-LIneHomework.release.xcconfig */;
			buildSettings = {
				ASSETCATALOG_COMPILER_APPICON_NAME = AppIcon;
				CODE_SIGN_STYLE = Automatic;
				DEVELOPMENT_TEAM = 7NDRX434L9;
				INFOPLIST_FILE = LIneHomework/Info.plist;
				LD_RUNPATH_SEARCH_PATHS = (
					"$(inherited)",
					"@executable_path/Frameworks",
				);
				PRODUCT_BUNDLE_IDENTIFIER = com.tomoudemy.LIneHomework;
				PRODUCT_NAME = "$(TARGET_NAME)";
				SWIFT_VERSION = 5.0;
				TARGETED_DEVICE_FAMILY = 1;
			};
			name = Release;
		};
/* End XCBuildConfiguration section */

/* Begin XCConfigurationList section */
		3290CDC123AB60AE00EAE65E /* Build configuration list for PBXProject "LIneHomework" */ = {
			isa = XCConfigurationList;
			buildConfigurations = (
				3290CDD823AB60B100EAE65E /* Debug */,
				3290CDD923AB60B100EAE65E /* Release */,
			);
			defaultConfigurationIsVisible = 0;
			defaultConfigurationName = Release;
		};
		3290CDDA23AB60B100EAE65E /* Build configuration list for PBXNativeTarget "LIneHomework" */ = {
			isa = XCConfigurationList;
			buildConfigurations = (
				3290CDDB23AB60B100EAE65E /* Debug */,
				3290CDDC23AB60B100EAE65E /* Release */,
			);
			defaultConfigurationIsVisible = 0;
			defaultConfigurationName = Release;
		};
/* End XCConfigurationList section */
	};
	rootObject = 3290CDBE23AB60AE00EAE65E /* Project object */;
}
